
Microsoft Visual Studio Solution File, Format Version 12.00
# Visual Studio Version 16
VisualStudioVersion = 16.0.29020.237
MinimumVisualStudioVersion = 10.0.40219.1
Project("{9A19103F-16F7-4668-BE54-9A1E7A4F7556}") = "FirServer", "FirServer\FirServer.csproj", "{743E28EC-0AD0-44E2-A758-DF1EF6E755BD}"
EndProject
Project("{9A19103F-16F7-4668-BE54-9A1E7A4F7556}") = "FirSango", "FirSango\FirSango.csproj", "{1CCD87BF-3A04-4175-9198-EA1734ED0001}"
EndProject
Global
	GlobalSection(SolutionConfigurationPlatforms) = preSolution
		Debug|Any CPU = Debug|Any CPU
		Release|Any CPU = Release|Any CPU
	EndGlobalSection
	GlobalSection(ProjectConfigurationPlatforms) = postSolution
		{743E28EC-0AD0-44E2-A758-DF1EF6E755BD}.Debug|Any CPU.ActiveCfg = Debug|Any CPU
		{743E28EC-0AD0-44E2-A758-DF1EF6E755BD}.Debug|Any CPU.Build.0 = Debug|Any CPU
		{743E28EC-0AD0-44E2-A758-DF1EF6E755BD}.Release|Any CPU.ActiveCfg = Release|Any CPU
		{743E28EC-0AD0-44E2-A758-DF1EF6E755BD}.Release|Any CPU.Build.0 = Release|Any CPU
		{1CCD87BF-3A04-4175-9198-EA1734ED0001}.Debug|Any CPU.ActiveCfg = Debug|Any CPU
		{1CCD87BF-3A04-4175-9198-EA1734ED0001}.Debug|Any CPU.Build.0 = Debug|Any CPU
		{1CCD87BF-3A04-4175-9198-EA1734ED0001}.Release|Any CPU.ActiveCfg = Release|Any CPU
		{1CCD87BF-3A04-4175-9198-EA1734ED0001}.Release|Any CPU.Build.0 = Release|Any CPU
	EndGlobalSection
	GlobalSection(SolutionProperties) = preSolution
		HideSolutionNode = FALSE
	EndGlobalSection
	GlobalSection(ExtensibilityGlobals) = postSolution
		SolutionGuid = {90643DB0-FEF2-448F-BAB2-10769798D3A2}
	EndGlobalSection
EndGlobal
